Microsoft Visual Studio Solution File, Format Version 12.00
# Visual Studio Version 17
VisualStudioVersion = 17.5.2.0
MinimumVisualStudioVersion = 10.0.40219.1
Project("{FAE04EC0-301F-11D3-BF4B-00C04F79EFBC}") = "ClouDevOpsTest", "ClouDevOpsTest.csproj", "{33BDE4AB-6ADA-498C-4617-DE1F579A5EFA}"
EndProject
Global
	GlobalSection(SolutionConfigurationPlatforms) = preSolution
		Debug|Any CPU = Debug|Any CPU
		Release|Any CPU = Release|Any CPU
	EndGlobalSection
	GlobalSection(ProjectConfigurationPlatforms) = postSolution
		{33BDE4AB-6ADA-498C-4617-DE1F579A5EFA}.Debug|Any CPU.ActiveCfg = Debug|Any CPU
		{33BDE4AB-6ADA-498C-4617-DE1F579A5EFA}.Debug|Any CPU.Build.0 = Debug|Any CPU
		{33BDE4AB-6ADA-498C-4617-DE1F579A5EFA}.Release|Any CPU.ActiveCfg = Release|Any CPU
		{33BDE4AB-6ADA-498C-4617-DE1F579A5EFA}.Release|Any CPU.Build.0 = Release|Any CPU
	EndGlobalSection
	GlobalSection(SolutionProperties) = preSolution
		HideSolutionNode = FALSE
	EndGlobalSection
	GlobalSection(ExtensibilityGlobals) = postSolution
		SolutionGuid = {C70660F6-98AC-4736-8396-B78A95B0094B}
	EndGlobalSection
EndGlobal
